
Microsoft Visual Studio Solution File, Format Version 12.00
# Visual Studio Version 16
VisualStudioVersion = 16.0.31727.386
MinimumVisualStudioVersion = 10.0.40219.1
Project("{FAE04EC0-301F-11D3-BF4B-00C04F79EFBC}") = "Timer_Saat", "Timer_Saat\Timer_Saat.csproj", "{66FDF29D-F705-4162-B933-CF8DDC64A279}"
EndProject
Global
	GlobalSection(SolutionConfigurationPlatforms) = preSolution
		Debug|Any CPU = Debug|Any CPU
		Release|Any CPU = Release|Any CPU
	EndGlobalSection
	GlobalSection(ProjectConfigurationPlatforms) = postSolution
		{66FDF29D-F705-4162-B933-CF8DDC64A279}.Debug|Any CPU.ActiveCfg = Debug|Any CPU
		{66FDF29D-F705-4162-B933-CF8DDC64A279}.Debug|Any CPU.Build.0 = Debug|Any CPU
		{66FDF29D-F705-4162-B933-CF8DDC64A279}.Release|Any CPU.ActiveCfg = Release|Any CPU
		{66FDF29D-F705-4162-B933-CF8DDC64A279}.Release|Any CPU.Build.0 = Release|Any CPU
	EndGlobalSection
	GlobalSection(SolutionProperties) = preSolution
		HideSolutionNode = FALSE
	EndGlobalSection
	GlobalSection(ExtensibilityGlobals) = postSolution
		SolutionGuid = {E34E1F17-5852-4F9B-A6E5-867C958FC4CD}
	EndGlobalSection
EndGlobal
