
Microsoft Visual Studio Solution File, Format Version 12.00
# Visual Studio Version 16
VisualStudioVersion = 16.0.31727.386
MinimumVisualStudioVersion = 10.0.40219.1
Project("{FAE04EC0-301F-11D3-BF4B-00C04F79EFBC}") = "Döngüler", "Döngüler\Döngüler.csproj", "{C7688E77-859B-4615-984C-C1BD78434122}"
EndProject
Global
	GlobalSection(SolutionConfigurationPlatforms) = preSolution
		Debug|Any CPU = Debug|Any CPU
		Release|Any CPU = Release|Any CPU
	EndGlobalSection
	GlobalSection(ProjectConfigurationPlatforms) = postSolution
		{C7688E77-859B-4615-984C-C1BD78434122}.Debug|Any CPU.ActiveCfg = Debug|Any CPU
		{C7688E77-859B-4615-984C-C1BD78434122}.Debug|Any CPU.Build.0 = Debug|Any CPU
		{C7688E77-859B-4615-984C-C1BD78434122}.Release|Any CPU.ActiveCfg = Release|Any CPU
		{C7688E77-859B-4615-984C-C1BD78434122}.Release|Any CPU.Build.0 = Release|Any CPU
	EndGlobalSection
	GlobalSection(SolutionProperties) = preSolution
		HideSolutionNode = FALSE
	EndGlobalSection
	GlobalSection(ExtensibilityGlobals) = postSolution
		SolutionGuid = {CB673889-F641-44FD-AB07-FC5C0D8C527D}
	EndGlobalSection
EndGlobal
