
Microsoft Visual Studio Solution File, Format Version 12.00
# Visual Studio Version 16
VisualStudioVersion = 16.0.31727.386
MinimumVisualStudioVersion = 10.0.40219.1
Project("{FAE04EC0-301F-11D3-BF4B-00C04F79EFBC}") = "YirmiDokuz_Ekim_1", "YirmiDokuz_Ekim_1\YirmiDokuz_Ekim_1.csproj", "{984316DA-13C3-4AE3-9E6F-BF08A63AAFE4}"
EndProject
Global
	GlobalSection(SolutionConfigurationPlatforms) = preSolution
		Debug|Any CPU = Debug|Any CPU
		Release|Any CPU = Release|Any CPU
	EndGlobalSection
	GlobalSection(ProjectConfigurationPlatforms) = postSolution
		{984316DA-13C3-4AE3-9E6F-BF08A63AAFE4}.Debug|Any CPU.ActiveCfg = Debug|Any CPU
		{984316DA-13C3-4AE3-9E6F-BF08A63AAFE4}.Debug|Any CPU.Build.0 = Debug|Any CPU
		{984316DA-13C3-4AE3-9E6F-BF08A63AAFE4}.Release|Any CPU.ActiveCfg = Release|Any CPU
		{984316DA-13C3-4AE3-9E6F-BF08A63AAFE4}.Release|Any CPU.Build.0 = Release|Any CPU
	EndGlobalSection
	GlobalSection(SolutionProperties) = preSolution
		HideSolutionNode = FALSE
	EndGlobalSection
	GlobalSection(ExtensibilityGlobals) = postSolution
		SolutionGuid = {D6D49BEE-54C7-4E09-BC70-14A43A46BB2F}
	EndGlobalSection
EndGlobal
