
Microsoft Visual Studio Solution File, Format Version 12.00
# Visual Studio Version 16
VisualStudioVersion = 16.0.31727.386
MinimumVisualStudioVersion = 10.0.40219.1
Project("{FAE04EC0-301F-11D3-BF4B-00C04F79EFBC}") = "Sinema_Bufe_Uygulama", "Sinema_Bufe_Uygulama\Sinema_Bufe_Uygulama.csproj", "{4B7C4A59-4F5F-457A-84C8-FD156CAF5F1E}"
EndProject
Global
	GlobalSection(SolutionConfigurationPlatforms) = preSolution
		Debug|Any CPU = Debug|Any CPU
		Release|Any CPU = Release|Any CPU
	EndGlobalSection
	GlobalSection(ProjectConfigurationPlatforms) = postSolution
		{4B7C4A59-4F5F-457A-84C8-FD156CAF5F1E}.Debug|Any CPU.ActiveCfg = Debug|Any CPU
		{4B7C4A59-4F5F-457A-84C8-FD156CAF5F1E}.Debug|Any CPU.Build.0 = Debug|Any CPU
		{4B7C4A59-4F5F-457A-84C8-FD156CAF5F1E}.Release|Any CPU.ActiveCfg = Release|Any CPU
		{4B7C4A59-4F5F-457A-84C8-FD156CAF5F1E}.Release|Any CPU.Build.0 = Release|Any CPU
	EndGlobalSection
	GlobalSection(SolutionProperties) = preSolution
		HideSolutionNode = FALSE
	EndGlobalSection
	GlobalSection(ExtensibilityGlobals) = postSolution
		SolutionGuid = {E527E528-04E4-4A0B-AF57-95A994CCD5A5}
	EndGlobalSection
EndGlobal
